
Microsoft Visual Studio Solution File, Format Version 12.00
# Visual Studio Version 17
VisualStudioVersion = 17.8.34112.27
MinimumVisualStudioVersion = 10.0.40219.1
Project("{2150E333-8FDC-42A3-9474-1A3956D46DE8}") = ".config", ".config", "{624CE399-5EBE-44EB-A932-425193152A15}"
	ProjectSection(SolutionItems) = preProject
		.gitattributes = .gitattributes
		.gitignore = .gitignore
		directory.build.props = directory.build.props
		directory.packages.props = directory.packages.props
		nuget.config = nuget.config
		stylecop.json = stylecop.json
	EndProjectSection
EndProject
Project("{2150E333-8FDC-42A3-9474-1A3956D46DE8}") = "docs", "docs", "{EECFA9A0-53A5-4515-8C56-83DD6E2D99E8}"
	ProjectSection(SolutionItems) = preProject
		changelog.md = changelog.md
		license.md = license.md
		readme.md = readme.md
	EndProjectSection
EndProject
Project("{2150E333-8FDC-42A3-9474-1A3956D46DE8}") = "pipelines", "pipelines", "{ACCA1987-E6FE-4080-B0CF-ACDE96017B58}"
	ProjectSection(SolutionItems) = preProject
		.github\workflows\deploy.yml = .github\workflows\deploy.yml
	EndProjectSection
EndProject
Project("{2150E333-8FDC-42A3-9474-1A3956D46DE8}") = "rules", "rules", "{F97E4E10-84BC-4137-AE74-B557D7C79092}"
	ProjectSection(SolutionItems) = preProject
		rules\code.style.editorconfig = rules\code.style.editorconfig
		rules\disabled.editorconfig = rules\disabled.editorconfig
		rules\meziantou.editorconfig = rules\meziantou.editorconfig
		rules\name.style.editorconfig = rules\name.style.editorconfig
		rules\sonar.editorconfig = rules\sonar.editorconfig
		rules\stylecop.editorconfig = rules\stylecop.editorconfig
		rules\vsthrd.editorconfig = rules\vsthrd.editorconfig
	EndProjectSection
EndProject
Project("{2150E333-8FDC-42A3-9474-1A3956D46DE8}") = "assets", "assets", "{4E94BD12-8553-456E-B435-FC3A338CCC42}"
EndProject
Project("{2150E333-8FDC-42A3-9474-1A3956D46DE8}") = "icons", "icons", "{4904036D-7B5D-474B-8E1A-6AD7566F9A1D}"
	ProjectSection(SolutionItems) = preProject
		assets\icons\icon-32.png = assets\icons\icon-32.png
	EndProjectSection
EndProject
Project("{2150E333-8FDC-42A3-9474-1A3956D46DE8}") = "flags", "flags", "{065FD178-8380-4B0B-89AA-2489089C0B80}"
	ProjectSection(SolutionItems) = preProject
		assets\flags\abw.svg = assets\flags\abw.svg
		assets\flags\afg.svg = assets\flags\afg.svg
		assets\flags\ago.svg = assets\flags\ago.svg
		assets\flags\aia.svg = assets\flags\aia.svg
		assets\flags\ala.svg = assets\flags\ala.svg
		assets\flags\alb.svg = assets\flags\alb.svg
		assets\flags\and.svg = assets\flags\and.svg
		assets\flags\are.svg = assets\flags\are.svg
		assets\flags\arg.svg = assets\flags\arg.svg
		assets\flags\arm.svg = assets\flags\arm.svg
		assets\flags\asm.svg = assets\flags\asm.svg
		assets\flags\ata.svg = assets\flags\ata.svg
		assets\flags\atf.svg = assets\flags\atf.svg
		assets\flags\atg.svg = assets\flags\atg.svg
		assets\flags\aus.svg = assets\flags\aus.svg
		assets\flags\aut.svg = assets\flags\aut.svg
		assets\flags\aze.svg = assets\flags\aze.svg
		assets\flags\bdi.svg = assets\flags\bdi.svg
		assets\flags\bel.svg = assets\flags\bel.svg
		assets\flags\ben.svg = assets\flags\ben.svg
		assets\flags\bes.svg = assets\flags\bes.svg
		assets\flags\bfa.svg = assets\flags\bfa.svg
		assets\flags\bgd.svg = assets\flags\bgd.svg
		assets\flags\bgr.svg = assets\flags\bgr.svg
		assets\flags\bhr.svg = assets\flags\bhr.svg
		assets\flags\bhs.svg = assets\flags\bhs.svg
		assets\flags\bih.svg = assets\flags\bih.svg
		assets\flags\blm.svg = assets\flags\blm.svg
		assets\flags\blr.svg = assets\flags\blr.svg
		assets\flags\blz.svg = assets\flags\blz.svg
		assets\flags\bmu.svg = assets\flags\bmu.svg
		assets\flags\bol.svg = assets\flags\bol.svg
		assets\flags\bra.svg = assets\flags\bra.svg
		assets\flags\brb.svg = assets\flags\brb.svg
		assets\flags\brn.svg = assets\flags\brn.svg
		assets\flags\btn.svg = assets\flags\btn.svg
		assets\flags\bvt.svg = assets\flags\bvt.svg
		assets\flags\bwa.svg = assets\flags\bwa.svg
		assets\flags\caf.svg = assets\flags\caf.svg
		assets\flags\can.svg = assets\flags\can.svg
		assets\flags\cck.svg = assets\flags\cck.svg
		assets\flags\che.svg = assets\flags\che.svg
		assets\flags\chl.svg = assets\flags\chl.svg
		assets\flags\chn.svg = assets\flags\chn.svg
		assets\flags\civ.svg = assets\flags\civ.svg
		assets\flags\cmr.svg = assets\flags\cmr.svg
		assets\flags\cod.svg = assets\flags\cod.svg
		assets\flags\cog.svg = assets\flags\cog.svg
		assets\flags\cok.svg = assets\flags\cok.svg
		assets\flags\col.svg = assets\flags\col.svg
		assets\flags\com.svg = assets\flags\com.svg
		assets\flags\cpv.svg = assets\flags\cpv.svg
		assets\flags\cri.svg = assets\flags\cri.svg
		assets\flags\cub.svg = assets\flags\cub.svg
		assets\flags\cuw.svg = assets\flags\cuw.svg
		assets\flags\cxr.svg = assets\flags\cxr.svg
		assets\flags\cym.svg = assets\flags\cym.svg
		assets\flags\cyp.svg = assets\flags\cyp.svg
		assets\flags\cze.svg = assets\flags\cze.svg
		assets\flags\deu.svg = assets\flags\deu.svg
		assets\flags\dji.svg = assets\flags\dji.svg
		assets\flags\dma.svg = assets\flags\dma.svg
		assets\flags\dnk.svg = assets\flags\dnk.svg
		assets\flags\dom.svg = assets\flags\dom.svg
		assets\flags\dza.svg = assets\flags\dza.svg
		assets\flags\ecu.svg = assets\flags\ecu.svg
		assets\flags\egy.svg = assets\flags\egy.svg
		assets\flags\eri.svg = assets\flags\eri.svg
		assets\flags\esh.svg = assets\flags\esh.svg
		assets\flags\esp.svg = assets\flags\esp.svg
		assets\flags\est.svg = assets\flags\est.svg
		assets\flags\eth.svg = assets\flags\eth.svg
		assets\flags\fin.svg = assets\flags\fin.svg
		assets\flags\fji.svg = assets\flags\fji.svg
		assets\flags\flk.svg = assets\flags\flk.svg
		assets\flags\fra.svg = assets\flags\fra.svg
		assets\flags\fro.svg = assets\flags\fro.svg
		assets\flags\fsm.svg = assets\flags\fsm.svg
		assets\flags\gab.svg = assets\flags\gab.svg
		assets\flags\gbr.svg = assets\flags\gbr.svg
		assets\flags\geo.svg = assets\flags\geo.svg
		assets\flags\ggy.svg = assets\flags\ggy.svg
		assets\flags\gha.svg = assets\flags\gha.svg
		assets\flags\gib.svg = assets\flags\gib.svg
		assets\flags\gin.svg = assets\flags\gin.svg
		assets\flags\glp.svg = assets\flags\glp.svg
		assets\flags\gmb.svg = assets\flags\gmb.svg
		assets\flags\gnb.svg = assets\flags\gnb.svg
		assets\flags\gnq.svg = assets\flags\gnq.svg
		assets\flags\grc.svg = assets\flags\grc.svg
		assets\flags\grd.svg = assets\flags\grd.svg
		assets\flags\grl.svg = assets\flags\grl.svg
		assets\flags\gtm.svg = assets\flags\gtm.svg
		assets\flags\guf.svg = assets\flags\guf.svg
		assets\flags\gum.svg = assets\flags\gum.svg
		assets\flags\guy.svg = assets\flags\guy.svg
		assets\flags\hkg.svg = assets\flags\hkg.svg
		assets\flags\hmd.svg = assets\flags\hmd.svg
		assets\flags\hnd.svg = assets\flags\hnd.svg
		assets\flags\hrv.svg = assets\flags\hrv.svg
		assets\flags\hti.svg = assets\flags\hti.svg
		assets\flags\hun.svg = assets\flags\hun.svg
		assets\flags\idn.svg = assets\flags\idn.svg
		assets\flags\imn.svg = assets\flags\imn.svg
		assets\flags\ind.svg = assets\flags\ind.svg
		assets\flags\iot.svg = assets\flags\iot.svg
		assets\flags\irl.svg = assets\flags\irl.svg
		assets\flags\irn.svg = assets\flags\irn.svg
		assets\flags\irq.svg = assets\flags\irq.svg
		assets\flags\isl.svg = assets\flags\isl.svg
		assets\flags\isr.svg = assets\flags\isr.svg
		assets\flags\ita.svg = assets\flags\ita.svg
		assets\flags\jam.svg = assets\flags\jam.svg
		assets\flags\jey.svg = assets\flags\jey.svg
		assets\flags\jor.svg = assets\flags\jor.svg
		assets\flags\jpn.svg = assets\flags\jpn.svg
		assets\flags\kaz.svg = assets\flags\kaz.svg
		assets\flags\ken.svg = assets\flags\ken.svg
		assets\flags\kgz.svg = assets\flags\kgz.svg
		assets\flags\khm.svg = assets\flags\khm.svg
		assets\flags\kir.svg = assets\flags\kir.svg
		assets\flags\kna.svg = assets\flags\kna.svg
		assets\flags\kor.svg = assets\flags\kor.svg
		assets\flags\kwt.svg = assets\flags\kwt.svg
		assets\flags\lao.svg = assets\flags\lao.svg
		assets\flags\lbn.svg = assets\flags\lbn.svg
		assets\flags\lbr.svg = assets\flags\lbr.svg
		assets\flags\lby.svg = assets\flags\lby.svg
		assets\flags\lca.svg = assets\flags\lca.svg
		assets\flags\lie.svg = assets\flags\lie.svg
		assets\flags\lka.svg = assets\flags\lka.svg
		assets\flags\lso.svg = assets\flags\lso.svg
		assets\flags\ltu.svg = assets\flags\ltu.svg
		assets\flags\lux.svg = assets\flags\lux.svg
		assets\flags\lva.svg = assets\flags\lva.svg
		assets\flags\mac.svg = assets\flags\mac.svg
		assets\flags\maf.svg = assets\flags\maf.svg
		assets\flags\mar.svg = assets\flags\mar.svg
		assets\flags\mco.svg = assets\flags\mco.svg
		assets\flags\mda.svg = assets\flags\mda.svg
		assets\flags\mdg.svg = assets\flags\mdg.svg
		assets\flags\mdv.svg = assets\flags\mdv.svg
		assets\flags\mex.svg = assets\flags\mex.svg
		assets\flags\mhl.svg = assets\flags\mhl.svg
		assets\flags\mkd.svg = assets\flags\mkd.svg
		assets\flags\mli.svg = assets\flags\mli.svg
		assets\flags\mlt.svg = assets\flags\mlt.svg
		assets\flags\mmr.svg = assets\flags\mmr.svg
		assets\flags\mne.svg = assets\flags\mne.svg
		assets\flags\mng.svg = assets\flags\mng.svg
		assets\flags\mnp.svg = assets\flags\mnp.svg
		assets\flags\moz.svg = assets\flags\moz.svg
		assets\flags\mrt.svg = assets\flags\mrt.svg
		assets\flags\msr.svg = assets\flags\msr.svg
		assets\flags\mtq.svg = assets\flags\mtq.svg
		assets\flags\mus.svg = assets\flags\mus.svg
		assets\flags\mwi.svg = assets\flags\mwi.svg
		assets\flags\mys.svg = assets\flags\mys.svg
		assets\flags\myt.svg = assets\flags\myt.svg
		assets\flags\nam.svg = assets\flags\nam.svg
		assets\flags\ncl.svg = assets\flags\ncl.svg
		assets\flags\ner.svg = assets\flags\ner.svg
		assets\flags\nfk.svg = assets\flags\nfk.svg
		assets\flags\nga.svg = assets\flags\nga.svg
		assets\flags\nic.svg = assets\flags\nic.svg
		assets\flags\niu.svg = assets\flags\niu.svg
		assets\flags\nld.svg = assets\flags\nld.svg
		assets\flags\nor.svg = assets\flags\nor.svg
		assets\flags\npl.svg = assets\flags\npl.svg
		assets\flags\nru.svg = assets\flags\nru.svg
		assets\flags\nzl.svg = assets\flags\nzl.svg
		assets\flags\omn.svg = assets\flags\omn.svg
		assets\flags\pak.svg = assets\flags\pak.svg
		assets\flags\pan.svg = assets\flags\pan.svg
		assets\flags\pcn.svg = assets\flags\pcn.svg
		assets\flags\per.svg = assets\flags\per.svg
		assets\flags\phl.svg = assets\flags\phl.svg
		assets\flags\plw.svg = assets\flags\plw.svg
		assets\flags\png.svg = assets\flags\png.svg
		assets\flags\pol.svg = assets\flags\pol.svg
		assets\flags\pri.svg = assets\flags\pri.svg
		assets\flags\prk.svg = assets\flags\prk.svg
		assets\flags\prt.svg = assets\flags\prt.svg
		assets\flags\pry.svg = assets\flags\pry.svg
		assets\flags\pse.svg = assets\flags\pse.svg
		assets\flags\pyf.svg = assets\flags\pyf.svg
		assets\flags\qat.svg = assets\flags\qat.svg
		assets\flags\reu.svg = assets\flags\reu.svg
		assets\flags\rou.svg = assets\flags\rou.svg
		assets\flags\rus.svg = assets\flags\rus.svg
		assets\flags\rwa.svg = assets\flags\rwa.svg
		assets\flags\sau.svg = assets\flags\sau.svg
		assets\flags\sdn.svg = assets\flags\sdn.svg
		assets\flags\sen.svg = assets\flags\sen.svg
		assets\flags\sgp.svg = assets\flags\sgp.svg
		assets\flags\sgs.svg = assets\flags\sgs.svg
		assets\flags\shn.svg = assets\flags\shn.svg
		assets\flags\sjm.svg = assets\flags\sjm.svg
		assets\flags\slb.svg = assets\flags\slb.svg
		assets\flags\sle.svg = assets\flags\sle.svg
		assets\flags\slv.svg = assets\flags\slv.svg
		assets\flags\smr.svg = assets\flags\smr.svg
		assets\flags\som.svg = assets\flags\som.svg
		assets\flags\spm.svg = assets\flags\spm.svg
		assets\flags\srb.svg = assets\flags\srb.svg
		assets\flags\ssd.svg = assets\flags\ssd.svg
		assets\flags\stp.svg = assets\flags\stp.svg
		assets\flags\sur.svg = assets\flags\sur.svg
		assets\flags\svk.svg = assets\flags\svk.svg
		assets\flags\svn.svg = assets\flags\svn.svg
		assets\flags\swe.svg = assets\flags\swe.svg
		assets\flags\swz.svg = assets\flags\swz.svg
		assets\flags\sxm.svg = assets\flags\sxm.svg
		assets\flags\syc.svg = assets\flags\syc.svg
		assets\flags\syr.svg = assets\flags\syr.svg
		assets\flags\tca.svg = assets\flags\tca.svg
		assets\flags\tcd.svg = assets\flags\tcd.svg
		assets\flags\tgo.svg = assets\flags\tgo.svg
		assets\flags\tha.svg = assets\flags\tha.svg
		assets\flags\tjk.svg = assets\flags\tjk.svg
		assets\flags\tkl.svg = assets\flags\tkl.svg
		assets\flags\tkm.svg = assets\flags\tkm.svg
		assets\flags\tls.svg = assets\flags\tls.svg
		assets\flags\ton.svg = assets\flags\ton.svg
		assets\flags\tto.svg = assets\flags\tto.svg
		assets\flags\tun.svg = assets\flags\tun.svg
		assets\flags\tur.svg = assets\flags\tur.svg
		assets\flags\tuv.svg = assets\flags\tuv.svg
		assets\flags\twn.svg = assets\flags\twn.svg
		assets\flags\tza.svg = assets\flags\tza.svg
		assets\flags\uga.svg = assets\flags\uga.svg
		assets\flags\ukr.svg = assets\flags\ukr.svg
		assets\flags\umi.svg = assets\flags\umi.svg
		assets\flags\unk.svg = assets\flags\unk.svg
		assets\flags\ury.svg = assets\flags\ury.svg
		assets\flags\usa.svg = assets\flags\usa.svg
		assets\flags\uzb.svg = assets\flags\uzb.svg
		assets\flags\vat.svg = assets\flags\vat.svg
		assets\flags\vct.svg = assets\flags\vct.svg
		assets\flags\ven.svg = assets\flags\ven.svg
		assets\flags\vgb.svg = assets\flags\vgb.svg
		assets\flags\vir.svg = assets\flags\vir.svg
		assets\flags\vnm.svg = assets\flags\vnm.svg
		assets\flags\vut.svg = assets\flags\vut.svg
		assets\flags\wlf.svg = assets\flags\wlf.svg
		assets\flags\wsm.svg = assets\flags\wsm.svg
		assets\flags\yem.svg = assets\flags\yem.svg
		assets\flags\zaf.svg = assets\flags\zaf.svg
		assets\flags\zmb.svg = assets\flags\zmb.svg
		assets\flags\zwe.svg = assets\flags\zwe.svg
	EndProjectSection
EndProject
Project("{2150E333-8FDC-42A3-9474-1A3956D46DE8}") = "src", "src", "{51F286D4-DB9A-4CF8-ADFA-0F07CF1E648A}"
	ProjectSection(SolutionItems) = preProject
		src\directory.build.props = src\directory.build.props
		src\directory.packages.props = src\directory.packages.props
	EndProjectSection
EndProject
Project("{2150E333-8FDC-42A3-9474-1A3956D46DE8}") = "tests", "tests", "{0FA980A4-7209-4501-AD96-BF42403C257C}"
	ProjectSection(SolutionItems) = preProject
		tests\.editorconfig = tests\.editorconfig
		tests\directory.build.props = tests\directory.build.props
		tests\directory.packages.props = tests\directory.packages.props
	EndProjectSection
EndProject
Project("{FAE04EC0-301F-11D3-BF4B-00C04F79EFBC}") = "FlagQuest.Migrator", "src\FlagQuest.Migrator\FlagQuest.Migrator.csproj", "{D34C42E3-19A4-4104-81E2-59F950B6C27A}"
EndProject
Project("{FAE04EC0-301F-11D3-BF4B-00C04F79EFBC}") = "FlagQuest.Migrator.Tests", "tests\FlagQuest.Migrator.Tests\FlagQuest.Migrator.Tests.csproj", "{C8B07FA4-0DE7-4D69-9FDE-8E48D7EF8B38}"
EndProject
Global
	GlobalSection(SolutionConfigurationPlatforms) = preSolution
		Debug|Any CPU = Debug|Any CPU
		Release|Any CPU = Release|Any CPU
	EndGlobalSection
	GlobalSection(ProjectConfigurationPlatforms) = postSolution
		{D34C42E3-19A4-4104-81E2-59F950B6C27A}.Debug|Any CPU.ActiveCfg = Debug|Any CPU
		{D34C42E3-19A4-4104-81E2-59F950B6C27A}.Debug|Any CPU.Build.0 = Debug|Any CPU
		{D34C42E3-19A4-4104-81E2-59F950B6C27A}.Release|Any CPU.ActiveCfg = Release|Any CPU
		{D34C42E3-19A4-4104-81E2-59F950B6C27A}.Release|Any CPU.Build.0 = Release|Any CPU
		{C8B07FA4-0DE7-4D69-9FDE-8E48D7EF8B38}.Debug|Any CPU.ActiveCfg = Debug|Any CPU
		{C8B07FA4-0DE7-4D69-9FDE-8E48D7EF8B38}.Debug|Any CPU.Build.0 = Debug|Any CPU
		{C8B07FA4-0DE7-4D69-9FDE-8E48D7EF8B38}.Release|Any CPU.ActiveCfg = Release|Any CPU
		{C8B07FA4-0DE7-4D69-9FDE-8E48D7EF8B38}.Release|Any CPU.Build.0 = Release|Any CPU
	EndGlobalSection
	GlobalSection(SolutionProperties) = preSolution
		HideSolutionNode = FALSE
	EndGlobalSection
	GlobalSection(NestedProjects) = preSolution
		{4904036D-7B5D-474B-8E1A-6AD7566F9A1D} = {4E94BD12-8553-456E-B435-FC3A338CCC42}
		{065FD178-8380-4B0B-89AA-2489089C0B80} = {4E94BD12-8553-456E-B435-FC3A338CCC42}
		{D34C42E3-19A4-4104-81E2-59F950B6C27A} = {51F286D4-DB9A-4CF8-ADFA-0F07CF1E648A}
		{C8B07FA4-0DE7-4D69-9FDE-8E48D7EF8B38} = {0FA980A4-7209-4501-AD96-BF42403C257C}
	EndGlobalSection
	GlobalSection(ExtensibilityGlobals) = postSolution
		SolutionGuid = {4ABAB7C9-6770-4267-8596-1FAC194F4EBA}
	EndGlobalSection
EndGlobal
